
Microsoft Visual Studio Solution File, Format Version 12.00
# Visual Studio 15
VisualStudioVersion = 15.0.26124.0
MinimumVisualStudioVersion = 15.0.26124.0
Project("{2150E333-8FDC-42A3-9474-1A3956D46DE8}") = "Fast.CSharp", "Fast.CSharp", "{8F00907D-5A3E-4B80-8F85-248CC7552A71}"
EndProject
Project("{F2A71F9B-5D33-465A-A702-920D77279786}") = "Fast.CSharp.Fody", "Fast.CSharp\Fast.CSharp.Fody\Fast.CSharp.Fody.fsproj", "{AE0860C4-FCFB-48CE-AA65-A7713DFE9691}"
EndProject
Project("{2150E333-8FDC-42A3-9474-1A3956D46DE8}") = "Fast.FSharp", "Fast.FSharp", "{634ACB12-83E9-46C9-9C23-AE55CEC17C94}"
EndProject
Project("{F2A71F9B-5D33-465A-A702-920D77279786}") = "Fast.FSharp.Fody", "Fast.FSharp\Fast.FSharp.Fody\Fast.FSharp.Fody.fsproj", "{87F8AAA3-E5E8-41E1-80B6-C7D8909C2692}"
EndProject
Project("{F2A71F9B-5D33-465A-A702-920D77279786}") = "Fast.CSharp.TestAssembly", "Fast.CSharp\Fast.CSharp.TestAssembly\Fast.CSharp.TestAssembly.fsproj", "{31737A4A-95A6-4D8D-BA14-BD5CE0416A24}"
EndProject
Project("{F2A71F9B-5D33-465A-A702-920D77279786}") = "Fast.FSharp.TestAssembly", "Fast.FSharp\Fast.FSharp.TestAssembly\Fast.FSharp.TestAssembly.fsproj", "{EAD60F50-D01F-4629-B8C7-E95E729B4227}"
EndProject
Project("{F2A71F9B-5D33-465A-A702-920D77279786}") = "Fast.CSharp.Tests", "Fast.CSharp\Fast.CSharp.Tests\Fast.CSharp.Tests.fsproj", "{9B02394C-B427-4637-9DFB-2E97F5626E76}"
EndProject
Project("{F2A71F9B-5D33-465A-A702-920D77279786}") = "Fast.FSharp.Tests", "Fast.FSharp\Fast.FSharp.Tests\Fast.FSharp.Tests.fsproj", "{4C007149-52DB-463E-A1D7-CB584D67F2FE}"
EndProject
Global
	GlobalSection(SolutionConfigurationPlatforms) = preSolution
		Debug|Any CPU = Debug|Any CPU
		Debug|x64 = Debug|x64
		Debug|x86 = Debug|x86
		Release|Any CPU = Release|Any CPU
		Release|x64 = Release|x64
		Release|x86 = Release|x86
	EndGlobalSection
	GlobalSection(SolutionProperties) = preSolution
		HideSolutionNode = FALSE
	EndGlobalSection
	GlobalSection(ProjectConfigurationPlatforms) = postSolution
		{AE0860C4-FCFB-48CE-AA65-A7713DFE9691}.Debug|Any CPU.ActiveCfg = Debug|Any CPU
		{AE0860C4-FCFB-48CE-AA65-A7713DFE9691}.Debug|Any CPU.Build.0 = Debug|Any CPU
		{AE0860C4-FCFB-48CE-AA65-A7713DFE9691}.Debug|x64.ActiveCfg = Debug|x64
		{AE0860C4-FCFB-48CE-AA65-A7713DFE9691}.Debug|x64.Build.0 = Debug|x64
		{AE0860C4-FCFB-48CE-AA65-A7713DFE9691}.Debug|x86.ActiveCfg = Debug|x86
		{AE0860C4-FCFB-48CE-AA65-A7713DFE9691}.Debug|x86.Build.0 = Debug|x86
		{AE0860C4-FCFB-48CE-AA65-A7713DFE9691}.Release|Any CPU.ActiveCfg = Release|Any CPU
		{AE0860C4-FCFB-48CE-AA65-A7713DFE9691}.Release|Any CPU.Build.0 = Release|Any CPU
		{AE0860C4-FCFB-48CE-AA65-A7713DFE9691}.Release|x64.ActiveCfg = Release|x64
		{AE0860C4-FCFB-48CE-AA65-A7713DFE9691}.Release|x64.Build.0 = Release|x64
		{AE0860C4-FCFB-48CE-AA65-A7713DFE9691}.Release|x86.ActiveCfg = Release|x86
		{AE0860C4-FCFB-48CE-AA65-A7713DFE9691}.Release|x86.Build.0 = Release|x86
		{87F8AAA3-E5E8-41E1-80B6-C7D8909C2692}.Debug|Any CPU.ActiveCfg = Debug|Any CPU
		{87F8AAA3-E5E8-41E1-80B6-C7D8909C2692}.Debug|Any CPU.Build.0 = Debug|Any CPU
		{87F8AAA3-E5E8-41E1-80B6-C7D8909C2692}.Debug|x64.ActiveCfg = Debug|x64
		{87F8AAA3-E5E8-41E1-80B6-C7D8909C2692}.Debug|x64.Build.0 = Debug|x64
		{87F8AAA3-E5E8-41E1-80B6-C7D8909C2692}.Debug|x86.ActiveCfg = Debug|x86
		{87F8AAA3-E5E8-41E1-80B6-C7D8909C2692}.Debug|x86.Build.0 = Debug|x86
		{87F8AAA3-E5E8-41E1-80B6-C7D8909C2692}.Release|Any CPU.ActiveCfg = Release|Any CPU
		{87F8AAA3-E5E8-41E1-80B6-C7D8909C2692}.Release|Any CPU.Build.0 = Release|Any CPU
		{87F8AAA3-E5E8-41E1-80B6-C7D8909C2692}.Release|x64.ActiveCfg = Release|x64
		{87F8AAA3-E5E8-41E1-80B6-C7D8909C2692}.Release|x64.Build.0 = Release|x64
		{87F8AAA3-E5E8-41E1-80B6-C7D8909C2692}.Release|x86.ActiveCfg = Release|x86
		{87F8AAA3-E5E8-41E1-80B6-C7D8909C2692}.Release|x86.Build.0 = Release|x86
		{31737A4A-95A6-4D8D-BA14-BD5CE0416A24}.Debug|Any CPU.ActiveCfg = Debug|Any CPU
		{31737A4A-95A6-4D8D-BA14-BD5CE0416A24}.Debug|Any CPU.Build.0 = Debug|Any CPU
		{31737A4A-95A6-4D8D-BA14-BD5CE0416A24}.Debug|x64.ActiveCfg = Debug|x64
		{31737A4A-95A6-4D8D-BA14-BD5CE0416A24}.Debug|x64.Build.0 = Debug|x64
		{31737A4A-95A6-4D8D-BA14-BD5CE0416A24}.Debug|x86.ActiveCfg = Debug|x86
		{31737A4A-95A6-4D8D-BA14-BD5CE0416A24}.Debug|x86.Build.0 = Debug|x86
		{31737A4A-95A6-4D8D-BA14-BD5CE0416A24}.Release|Any CPU.ActiveCfg = Release|Any CPU
		{31737A4A-95A6-4D8D-BA14-BD5CE0416A24}.Release|Any CPU.Build.0 = Release|Any CPU
		{31737A4A-95A6-4D8D-BA14-BD5CE0416A24}.Release|x64.ActiveCfg = Release|x64
		{31737A4A-95A6-4D8D-BA14-BD5CE0416A24}.Release|x64.Build.0 = Release|x64
		{31737A4A-95A6-4D8D-BA14-BD5CE0416A24}.Release|x86.ActiveCfg = Release|x86
		{31737A4A-95A6-4D8D-BA14-BD5CE0416A24}.Release|x86.Build.0 = Release|x86
		{EAD60F50-D01F-4629-B8C7-E95E729B4227}.Debug|Any CPU.ActiveCfg = Debug|Any CPU
		{EAD60F50-D01F-4629-B8C7-E95E729B4227}.Debug|Any CPU.Build.0 = Debug|Any CPU
		{EAD60F50-D01F-4629-B8C7-E95E729B4227}.Debug|x64.ActiveCfg = Debug|x64
		{EAD60F50-D01F-4629-B8C7-E95E729B4227}.Debug|x64.Build.0 = Debug|x64
		{EAD60F50-D01F-4629-B8C7-E95E729B4227}.Debug|x86.ActiveCfg = Debug|x86
		{EAD60F50-D01F-4629-B8C7-E95E729B4227}.Debug|x86.Build.0 = Debug|x86
		{EAD60F50-D01F-4629-B8C7-E95E729B4227}.Release|Any CPU.ActiveCfg = Release|Any CPU
		{EAD60F50-D01F-4629-B8C7-E95E729B4227}.Release|Any CPU.Build.0 = Release|Any CPU
		{EAD60F50-D01F-4629-B8C7-E95E729B4227}.Release|x64.ActiveCfg = Release|x64
		{EAD60F50-D01F-4629-B8C7-E95E729B4227}.Release|x64.Build.0 = Release|x64
		{EAD60F50-D01F-4629-B8C7-E95E729B4227}.Release|x86.ActiveCfg = Release|x86
		{EAD60F50-D01F-4629-B8C7-E95E729B4227}.Release|x86.Build.0 = Release|x86
		{9B02394C-B427-4637-9DFB-2E97F5626E76}.Debug|Any CPU.ActiveCfg = Debug|Any CPU
		{9B02394C-B427-4637-9DFB-2E97F5626E76}.Debug|Any CPU.Build.0 = Debug|Any CPU
		{9B02394C-B427-4637-9DFB-2E97F5626E76}.Debug|x64.ActiveCfg = Debug|x64
		{9B02394C-B427-4637-9DFB-2E97F5626E76}.Debug|x64.Build.0 = Debug|x64
		{9B02394C-B427-4637-9DFB-2E97F5626E76}.Debug|x86.ActiveCfg = Debug|x86
		{9B02394C-B427-4637-9DFB-2E97F5626E76}.Debug|x86.Build.0 = Debug|x86
		{9B02394C-B427-4637-9DFB-2E97F5626E76}.Release|Any CPU.ActiveCfg = Release|Any CPU
		{9B02394C-B427-4637-9DFB-2E97F5626E76}.Release|Any CPU.Build.0 = Release|Any CPU
		{9B02394C-B427-4637-9DFB-2E97F5626E76}.Release|x64.ActiveCfg = Release|x64
		{9B02394C-B427-4637-9DFB-2E97F5626E76}.Release|x64.Build.0 = Release|x64
		{9B02394C-B427-4637-9DFB-2E97F5626E76}.Release|x86.ActiveCfg = Release|x86
		{9B02394C-B427-4637-9DFB-2E97F5626E76}.Release|x86.Build.0 = Release|x86
		{4C007149-52DB-463E-A1D7-CB584D67F2FE}.Debug|Any CPU.ActiveCfg = Debug|Any CPU
		{4C007149-52DB-463E-A1D7-CB584D67F2FE}.Debug|Any CPU.Build.0 = Debug|Any CPU
		{4C007149-52DB-463E-A1D7-CB584D67F2FE}.Debug|x64.ActiveCfg = Debug|x64
		{4C007149-52DB-463E-A1D7-CB584D67F2FE}.Debug|x64.Build.0 = Debug|x64
		{4C007149-52DB-463E-A1D7-CB584D67F2FE}.Debug|x86.ActiveCfg = Debug|x86
		{4C007149-52DB-463E-A1D7-CB584D67F2FE}.Debug|x86.Build.0 = Debug|x86
		{4C007149-52DB-463E-A1D7-CB584D67F2FE}.Release|Any CPU.ActiveCfg = Release|Any CPU
		{4C007149-52DB-463E-A1D7-CB584D67F2FE}.Release|Any CPU.Build.0 = Release|Any CPU
		{4C007149-52DB-463E-A1D7-CB584D67F2FE}.Release|x64.ActiveCfg = Release|x64
		{4C007149-52DB-463E-A1D7-CB584D67F2FE}.Release|x64.Build.0 = Release|x64
		{4C007149-52DB-463E-A1D7-CB584D67F2FE}.Release|x86.ActiveCfg = Release|x86
		{4C007149-52DB-463E-A1D7-CB584D67F2FE}.Release|x86.Build.0 = Release|x86
	EndGlobalSection
	GlobalSection(NestedProjects) = preSolution
		{AE0860C4-FCFB-48CE-AA65-A7713DFE9691} = {8F00907D-5A3E-4B80-8F85-248CC7552A71}
		{87F8AAA3-E5E8-41E1-80B6-C7D8909C2692} = {634ACB12-83E9-46C9-9C23-AE55CEC17C94}
		{31737A4A-95A6-4D8D-BA14-BD5CE0416A24} = {8F00907D-5A3E-4B80-8F85-248CC7552A71}
		{EAD60F50-D01F-4629-B8C7-E95E729B4227} = {634ACB12-83E9-46C9-9C23-AE55CEC17C94}
		{9B02394C-B427-4637-9DFB-2E97F5626E76} = {8F00907D-5A3E-4B80-8F85-248CC7552A71}
		{4C007149-52DB-463E-A1D7-CB584D67F2FE} = {634ACB12-83E9-46C9-9C23-AE55CEC17C94}
	EndGlobalSection
EndGlobal
